
Microsoft Visual Studio Solution File, Format Version 12.00
# Visual Studio Version 17
VisualStudioVersion = 17.11.35303.130
MinimumVisualStudioVersion = 10.0.40219.1
Project("{FAE04EC0-301F-11D3-BF4B-00C04F79EFBC}") = "exercise19", "exercise19\exercise19.csproj", "{F9434AF1-386E-444E-885D-569E4568300F}"
EndProject
Global
	GlobalSection(SolutionConfigurationPlatforms) = preSolution
		Debug|Any CPU = Debug|Any CPU
		Release|Any CPU = Release|Any CPU
	EndGlobalSection
	GlobalSection(ProjectConfigurationPlatforms) = postSolution
		{F9434AF1-386E-444E-885D-569E4568300F}.Debug|Any CPU.ActiveCfg = Debug|Any CPU
		{F9434AF1-386E-444E-885D-569E4568300F}.Debug|Any CPU.Build.0 = Debug|Any CPU
		{F9434AF1-386E-444E-885D-569E4568300F}.Release|Any CPU.ActiveCfg = Release|Any CPU
		{F9434AF1-386E-444E-885D-569E4568300F}.Release|Any CPU.Build.0 = Release|Any CPU
	EndGlobalSection
	GlobalSection(SolutionProperties) = preSolution
		HideSolutionNode = FALSE
	EndGlobalSection
	GlobalSection(ExtensibilityGlobals) = postSolution
		SolutionGuid = {12604179-B5EB-45B2-A1BB-69792C3F3099}
	EndGlobalSection
EndGlobal
